
Microsoft Visual Studio Solution File, Format Version 12.00
# Visual Studio Version 16
VisualStudioVersion = 16.0.29215.179
MinimumVisualStudioVersion = 10.0.40219.1
Project("{FAE04EC0-301F-11D3-BF4B-00C04F79EFBC}") = "01-Construtores", "01-Construtores\01-Construtores.csproj", "{FAE12A99-D9EE-42D4-B2D3-A80E20D898FF}"
EndProject
Global
	GlobalSection(SolutionConfigurationPlatforms) = preSolution
		Debug|Any CPU = Debug|Any CPU
		Release|Any CPU = Release|Any CPU
	EndGlobalSection
	GlobalSection(ProjectConfigurationPlatforms) = postSolution
		{FAE12A99-D9EE-42D4-B2D3-A80E20D898FF}.Debug|Any CPU.ActiveCfg = Debug|Any CPU
		{FAE12A99-D9EE-42D4-B2D3-A80E20D898FF}.Debug|Any CPU.Build.0 = Debug|Any CPU
		{FAE12A99-D9EE-42D4-B2D3-A80E20D898FF}.Release|Any CPU.ActiveCfg = Release|Any CPU
		{FAE12A99-D9EE-42D4-B2D3-A80E20D898FF}.Release|Any CPU.Build.0 = Release|Any CPU
	EndGlobalSection
	GlobalSection(SolutionProperties) = preSolution
		HideSolutionNode = FALSE
	EndGlobalSection
	GlobalSection(ExtensibilityGlobals) = postSolution
		SolutionGuid = {84C1A7FC-5DE2-4C0E-AF76-6CAB8EDFBF3C}
	EndGlobalSection
EndGlobal
